// !$*UTF8*$!
{
	archiveVersion = 1;
	classes = {
	};
	objectVersion = 46;
	objects = {

/* Begin PBXBuildFile section */
		84F404BB1F398E7900F8DB3A /* main.m in Sources */ = {isa = PBXBuildFile; fileRef = 84F404BA1F398E7900F8DB3A /* main.m */; };
		84F404BE1F398E7900F8DB3A /* AppDelegate.m in Sources */ = {isa = PBXBuildFile; fileRef = 84F404BD1F398E7900F8DB3A /* AppDelegate.m */; };
		84F404C11F398E7900F8DB3A /* ViewController.m in Sources */ = {isa = PBXBuildFile; fileRef = 84F404C01F398E7900F8DB3A /* ViewController.m */; };
		84F404C41F398E7900F8DB3A /* Main.storyboard in Resources */ = {isa = PBXBuildFile; fileRef = 84F404C21F398E7900F8DB3A /* Main.storyboard */; };
		84F404C61F398E7900F8DB3A /* Assets.xcassets in Resources */ = {isa = PBXBuildFile; fileRef = 84F404C51F398E7900F8DB3A /* Assets.xcassets */; };
		84F404C91F398E7900F8DB3A /* LaunchScreen.storyboard in Resources */ = {isa = PBXBuildFile; fileRef = 84F404C71F398E7900F8DB3A /* LaunchScreen.storyboard */; };
		84F404D21F399A9900F8DB3A /* TestView.m in Sources */ = {isa = PBXBuildFile; fileRef = 84F404D11F399A9900F8DB3A /* TestView.m */; };
/* End PBXBuildFile section */

/* Begin PBXFileReference section */
		84F404B61F398E7900F8DB3A /* RXFCustomModules.app */ = {isa = PBXFileReference; explicitFileType = wrapper.application; includeInIndex = 0; path = RXFCustomModules.app; sourceTree = BUILT_PRODUCTS_DIR; };
		84F404BA1F398E7900F8DB3A /* main.m */ = {isa = PBXFileReference; lastKnownFileType = sourcecode.c.objc; path = main.m; sourceTree = "<group>"; };
		84F404BC1F398E7900F8DB3A /* AppDelegate.h */ = {isa = PBXFileReference; lastKnownFileType = sourcecode.c.h; path = AppDelegate.h; sourceTree = "<group>"; };
		84F404BD1F398E7900F8DB3A /* AppDelegate.m */ = {isa = PBXFileReference; lastKnownFileType = sourcecode.c.objc; path = AppDelegate.m; sourceTree = "<group>"; };
		84F404BF1F398E7900F8DB3A /* ViewController.h */ = {isa = PBXFileReference; lastKnownFileType = sourcecode.c.h; path = ViewController.h; sourceTree = "<group>"; };
		84F404C01F398E7900F8DB3A /* ViewController.m */ = {isa = PBXFileReference; lastKnownFileType = sourcecode.c.objc; path = ViewController.m; sourceTree = "<group>"; };
		84F404C31F398E7900F8DB3A /* Base */ = {isa = PBXFileReference; lastKnownFileType = file.storyboard; name = Base; path = Base.lproj/Main.storyboard; sourceTree = "<group>"; };
		84F404C51F398E7900F8DB3A /* Assets.xcassets */ = {isa = PBXFileReference; lastKnownFileType = folder.assetcatalog; path = Assets.xcassets; sourceTree = "<group>"; };
		84F404C81F398E7900F8DB3A /* Base */ = {isa = PBXFileReference; lastKnownFileType = file.storyboard; name = Base; path = Base.lproj/LaunchScreen.storyboard; sourceTree = "<group>"; };
		84F404CA1F398E7900F8DB3A /* Info.plist */ = {isa = PBXFileReference; lastKnownFileType = text.plist.xml; path = Info.plist; sourceTree = "<group>"; };
		84F404D01F399A9900F8DB3A /* TestView.h */ = {isa = PBXFileReference; fileEncoding = 4; lastKnownFileType = sourcecode.c.h; path = TestView.h; sourceTree = "<group>"; };
		84F404D11F399A9900F8DB3A /* TestView.m */ = {isa = PBXFileReference; fileEncoding = 4; lastKnownFileType = sourcecode.c.objc; path = TestView.m; sourceTree = "<group>"; };
/* End PBXFileReference section */

/* Begin PBXFrameworksBuildPhase section */
		84F404B31F398E7900F8DB3A /* Frameworks */ = {
			isa = PBXFrameworksBuildPhase;
			buildActionMask = 2147483647;
			files = (
			);
			runOnlyForDeploymentPostprocessing = 0;
		};
/* End PBXFrameworksBuildPhase section */

/* Begin PBXGroup section */
		84F404AD1F398E7900F8DB3A = {
			isa = PBXGroup;
			children = (
				84F404B81F398E7900F8DB3A /* RXFCustomModules */,
				84F404B71F398E7900F8DB3A /* Products */,
			);
			sourceTree = "<group>";
		};
		84F404B71F398E7900F8DB3A /* Products */ = {
			isa = PBXGroup;
			children = (
				84F404B61F398E7900F8DB3A /* RXFCustomModules.app */,
			);
			name = Products;
			sourceTree = "<group>";
		};
		84F404B81F398E7900F8DB3A /* RXFCustomModules */ = {
			isa = PBXGroup;
			children = (
				84F404BC1F398E7900F8DB3A /* AppDelegate.h */,
				84F404BD1F398E7900F8DB3A /* AppDelegate.m */,
				84F404BF1F398E7900F8DB3A /* ViewController.h */,
				84F404C01F398E7900F8DB3A /* ViewController.m */,
				84F404C21F398E7900F8DB3A /* Main.storyboard */,
				84F404C51F398E7900F8DB3A /* Assets.xcassets */,
				84F404C71F398E7900F8DB3A /* LaunchScreen.storyboard */,
				84F404CA1F398E7900F8DB3A /* Info.plist */,
				84F404B91F398E7900F8DB3A /* Supporting Files */,
				84F404D01F399A9900F8DB3A /* TestView.h */,
				84F404D11F399A9900F8DB3A /* TestView.m */,
			);
			path = RXFCustomModules;
			sourceTree = "<group>";
		};
		84F404B91F398E7900F8DB3A /* Supporting Files */ = {
			isa = PBXGroup;
			children = (
				84F404BA1F398E7900F8DB3A /* main.m */,
			);
			name = "Supporting Files";
			sourceTree = "<group>";
		};
/* End PBXGroup section */

/* Begin PBXNativeTarget section */
		84F404B51F398E7900F8DB3A /* RXFCustomModules */ = {
			isa = PBXNativeTarget;
			buildConfigurationList = 84F404CD1F398E7900F8DB3A /* Build configuration list for PBXNativeTarget "RXFCustomModules" */;
			buildPhases = (
				84F404B21F398E7900F8DB3A /* Sources */,
				84F404B31F398E7900F8DB3A /* Frameworks */,
				84F404B41F398E7900F8DB3A /* Resources */,
			);
			buildRules = (
			);
			dependencies = (
			);
			name = RXFCustomModules;
			productName = RXFCustomModules;
			productReference = 84F404B61F398E7900F8DB3A /* RXFCustomModules.app */;
			productType = "com.apple.product-type.application";
		};
/* End PBXNativeTarget section */

/* Begin PBXProject section */
		84F404AE1F398E7900F8DB3A /* Project object */ = {
			isa = PBXProject;
			attributes = {
				LastUpgradeCheck = 0830;
				ORGANIZATIONNAME = renxiaofeng;
				TargetAttributes = {
					84F404B51F398E7900F8DB3A = {
						CreatedOnToolsVersion = 8.3.2;
						ProvisioningStyle = Automatic;
					};
				};
			};
			buildConfigurationList = 84F404B11F398E7900F8DB3A /* Build configuration list for PBXProject "RXFCustomModules" */;
			compatibilityVersion = "Xcode 3.2";
			developmentRegion = English;
			hasScannedForEncodings = 0;
			knownRegions = (
				en,
				Base,
			);
			mainGroup = 84F404AD1F398E7900F8DB3A;
			productRefGroup = 84F404B71F398E7900F8DB3A /* Products */;
			projectDirPath = "";
			projectRoot = "";
			targets = (
				84F404B51F398E7900F8DB3A /* RXFCustomModules */,
			);
		};
/* End PBXProject section */

/* Begin PBXResourcesBuildPhase section */
		84F404B41F398E7900F8DB3A /* Resources */ = {
			isa = PBXResourcesBuildPhase;
			buildActionMask = 2147483647;
			files = (
				84F404C91F398E7900F8DB3A /* LaunchScreen.storyboard in Resources */,
				84F404C61F398E7900F8DB3A /* Assets.xcassets in Resources */,
				84F404C41F398E7900F8DB3A /* Main.storyboard in Resources */,
			);
			runOnlyForDeploymentPostprocessing = 0;
		};
/* End PBXResourcesBuildPhase section */

/* Begin PBXSourcesBuildPhase section */
		84F404B21F398E7900F8DB3A /* Sources */ = {
			isa = PBXSourcesBuildPhase;
			buildActionMask = 2147483647;
			files = (
				84F404D21F399A9900F8DB3A /* TestView.m in Sources */,
				84F404C11F398E7900F8DB3A /* ViewController.m in Sources */,
				84F404BE1F398E7900F8DB3A /* AppDelegate.m in Sources */,
				84F404BB1F398E7900F8DB3A /* main.m in Sources */,
			);
			runOnlyForDeploymentPostprocessing = 0;
		};
/* End PBXSourcesBuildPhase section */

/* Begin PBXVariantGroup section */
		84F404C21F398E7900F8DB3A /* Main.storyboard */ = {
			isa = PBXVariantGroup;
			children = (
				84F404C31F398E7900F8DB3A /* Base */,
			);
			name = Main.storyboard;
			sourceTree = "<group>";
		};
		84F404C71F398E7900F8DB3A /* LaunchScreen.storyboard */ = {
			isa = PBXVariantGroup;
			children = (
				84F404C81F398E7900F8DB3A /* Base */,
			);
			name = LaunchScreen.storyboard;
			sourceTree = "<group>";
		};
/* End PBXVariantGroup section */

/* Begin XCBuildConfiguration section */
		84F404CB1F398E7900F8DB3A /* Debug */ = {
			isa = XCBuildConfiguration;
			buildSettings = {
				ALWAYS_SEARCH_USER_PATHS = NO;
				CLANG_ANALYZER_NONNULL = YES;
				CLANG_ANALYZER_NUMBER_OBJECT_CONVERSION = YES_AGGRESSIVE;
				CLANG_CXX_LANGUAGE_STANDARD = "gnu++0x";
				CLANG_CXX_LIBRARY = "libc++";
				CLANG_ENABLE_MODULES = YES;
				CLANG_ENABLE_OBJC_ARC = YES;
				CLANG_WARN_BOOL_CONVERSION = YES;
				CLANG_WARN_CONSTANT_CONVERSION = YES;
				CLANG_WARN_DIRECT_OBJC_ISA_USAGE = YES_ERROR;
				CLANG_WARN_DOCUMENTATION_COMMENTS = YES;
				CLANG_WARN_EMPTY_BODY = YES;
				CLANG_WARN_ENUM_CONVERSION = YES;
				CLANG_WARN_INFINITE_RECURSION = YES;
				CLANG_WARN_INT_CONVERSION = YES;
				CLANG_WARN_OBJC_ROOT_CLASS = YES_ERROR;
				CLANG_WARN_SUSPICIOUS_MOVE = YES;
				CLANG_WARN_UNREACHABLE_CODE = YES;
				CLANG_WARN__DUPLICATE_METHOD_MATCH = YES;
				"CODE_SIGN_IDENTITY[sdk=iphoneos*]" = "iPhone Developer";
				COPY_PHASE_STRIP = NO;
				DEBUG_INFORMATION_FORMAT = dwarf;
				ENABLE_STRICT_OBJC_MSGSEND = YES;
				ENABLE_TESTABILITY = YES;
				GCC_C_LANGUAGE_STANDARD = gnu99;
				GCC_DYNAMIC_NO_PIC = NO;
				GCC_NO_COMMON_BLOCKS = YES;
				GCC_OPTIMIZATION_LEVEL = 0;
				GCC_PREPROCESSOR_DEFINITIONS = (
					"DEBUG=1",
					"$(inherited)",
				);
				GCC_WARN_64_TO_32_BIT_CONVERSION = YES;
				GCC_WARN_ABOUT_RETURN_TYPE = YES_ERROR;
				GCC_WARN_UNDECLARED_SELECTOR = YES;
				GCC_WARN_UNINITIALIZED_AUTOS = YES_AGGRESSIVE;
				GCC_WARN_UNUSED_FUNCTION = YES;
				GCC_WARN_UNUSED_VARIABLE = YES;
				IPHONEOS_DEPLOYMENT_TARGET = 10.3;
				MTL_ENABLE_DEBUG_INFO = YES;
				ONLY_ACTIVE_ARCH = YES;
				SDKROOT = iphoneos;
				TARGETED_DEVICE_FAMILY = "1,2";
			};
			name = Debug;
		};
		84F404CC1F398E7900F8DB3A /* Release */ = {
			isa = XCBuildConfiguration;
			buildSettings = {
				ALWAYS_SEARCH_USER_PATHS = NO;
				CLANG_ANALYZER_NONNULL = YES;
				CLANG_ANALYZER_NUMBER_OBJECT_CONVERSION = YES_AGGRESSIVE;
				CLANG_CXX_LANGUAGE_STANDARD = "gnu++0x";
				CLANG_CXX_LIBRARY = "libc++";
				CLANG_ENABLE_MODULES = YES;
				CLANG_ENABLE_OBJC_ARC = YES;
				CLANG_WARN_BOOL_CONVERSION = YES;
				CLANG_WARN_CONSTANT_CONVERSION = YES;
				CLANG_WARN_DIRECT_OBJC_ISA_USAGE = YES_ERROR;
				CLANG_WARN_DOCUMENTATION_COMMENTS = YES;
				CLANG_WARN_EMPTY_BODY = YES;
				CLANG_WARN_ENUM_CONVERSION = YES;
				CLANG_WARN_INFINITE_RECURSION = YES;
				CLANG_WARN_INT_CONVERSION = YES;
				CLANG_WARN_OBJC_ROOT_CLASS = YES_ERROR;
				CLANG_WARN_SUSPICIOUS_MOVE = YES;
				CLANG_WARN_UNREACHABLE_CODE = YES;
				CLANG_WARN__DUPLICATE_METHOD_MATCH = YES;
				"CODE_SIGN_IDENTITY[sdk=iphoneos*]" = "iPhone Developer";
				COPY_PHASE_STRIP = NO;
				DEBUG_INFORMATION_FORMAT = "dwarf-with-dsym";
				ENABLE_NS_ASSERTIONS = NO;
				ENABLE_STRICT_OBJC_MSGSEND = YES;
				GCC_C_LANGUAGE_STANDARD = gnu99;
				GCC_NO_COMMON_BLOCKS = YES;
				GCC_WARN_64_TO_32_BIT_CONVERSION = YES;
				GCC_WARN_ABOUT_RETURN_TYPE = YES_ERROR;
				GCC_WARN_UNDECLARED_SELECTOR = YES;
				GCC_WARN_UNINITIALIZED_AUTOS = YES_AGGRESSIVE;
				GCC_WARN_UNUSED_FUNCTION = YES;
				GCC_WARN_UNUSED_VARIABLE = YES;
				IPHONEOS_DEPLOYMENT_TARGET = 10.3;
				MTL_ENABLE_DEBUG_INFO = NO;
				SDKROOT = iphoneos;
				TARGETED_DEVICE_FAMILY = "1,2";
				VALIDATE_PRODUCT = YES;
			};
			name = Release;
		};
		84F404CE1F398E7900F8DB3A /* Debug */ = {
			isa = XCBuildConfiguration;
			buildSettings = {
				ASSETCATALOG_COMPILER_APPICON_NAME = AppIcon;
				INFOPLIST_FILE = RXFCustomModules/Info.plist;
				LD_RUNPATH_SEARCH_PATHS = "$(inherited) @executable_path/Frameworks";
				PRODUCT_BUNDLE_IDENTIFIER = Rxf.RXFCustomModules;
				PRODUCT_NAME = "$(TARGET_NAME)";
			};
			name = Debug;
		};
		84F404CF1F398E7900F8DB3A /* Release */ = {
			isa = XCBuildConfiguration;
			buildSettings = {
				ASSETCATALOG_COMPILER_APPICON_NAME = AppIcon;
				INFOPLIST_FILE = RXFCustomModules/Info.plist;
				LD_RUNPATH_SEARCH_PATHS = "$(inherited) @executable_path/Frameworks";
				PRODUCT_BUNDLE_IDENTIFIER = Rxf.RXFCustomModules;
				PRODUCT_NAME = "$(TARGET_NAME)";
			};
			name = Release;
		};
/* End XCBuildConfiguration section */

/* Begin XCConfigurationList section */
		84F404B11F398E7900F8DB3A /* Build configuration list for PBXProject "RXFCustomModules" */ = {
			isa = XCConfigurationList;
			buildConfigurations = (
				84F404CB1F398E7900F8DB3A /* Debug */,
				84F404CC1F398E7900F8DB3A /* Release */,
			);
			defaultConfigurationIsVisible = 0;
			defaultConfigurationName = Release;
		};
		84F404CD1F398E7900F8DB3A /* Build configuration list for PBXNativeTarget "RXFCustomModules" */ = {
			isa = XCConfigurationList;
			buildConfigurations = (
				84F404CE1F398E7900F8DB3A /* Debug */,
				84F404CF1F398E7900F8DB3A /* Release */,
			);
			defaultConfigurationIsVisible = 0;
			defaultConfigurationName = Release;
		};
/* End XCConfigurationList section */
	};
	rootObject = 84F404AE1F398E7900F8DB3A /* Project object */;
}
